{
  "name": "pumpit_ts",
  "lockfileVersion": 3,
  "requires": true,
  "packages": {
    "": {
      "dependencies": {
        "pumpit": "^4.1.1"
      },
      "devDependencies": {
        "@tsconfig/strictest": "^2.0.0",
        "typescript": "^5.0.4"
      }
    },
    "node_modules/@tsconfig/strictest": {
      "version": "2.0.0",
      "resolved": "https://registry.npmjs.org/@tsconfig/strictest/-/strictest-2.0.0.tgz",
      "integrity": "sha512-E0dpiZNdwO20c8d3seh7OmjAvDpwoRkTcU6M8cvggzB45Bd45tyTU2XJeA5Wfq+8NzVGhunvqOJ30AjSkywMXA==",
      "dev": true
    },
    "node_modules/pumpit": {
      "version": "4.1.1",
      "resolved": "https://registry.npmjs.org/pumpit/-/pumpit-4.1.1.tgz",
      "integrity": "sha512-EWXnJF0/Eoee3YiungCJ+rAtE7KZm3NgsqbFPjWhKCZNOVdicNlkNUBFj8L9O3xOEMzJK6EC5aDVQB7z3GJI+Q=="
    },
    "node_modules/typescript": {
      "version": "5.0.4",
      "resolved": "https://registry.npmjs.org/typescript/-/typescript-5.0.4.tgz",
      "integrity": "sha512-cW9T5W9xY37cc+jfEnaUvX91foxtHkza3Nw3wkoF4sSlKn0MONdkdEndig/qPBWXNkmplh3NzayQzCiHM4/hqw==",
      "dev": true,
      "bin": {
        "tsc": "bin/tsc",
        "tsserver": "bin/tsserver"
      },
      "engines": {
        "node": ">=12.20"
      }
    }
  }
}
